
Microsoft Visual Studio Solution File, Format Version 12.00
# Visual Studio 15
VisualStudioVersion = 15.0.26124.0
MinimumVisualStudioVersion = 15.0.26124.0
Project("{FAE04EC0-301F-11D3-BF4B-00C04F79EFBC}") = "Persistence", "Persistence\Persistence.csproj", "{BFEBB402-7722-4D9B-A5FF-B33CA58705AD}"
EndProject
Project("{FAE04EC0-301F-11D3-BF4B-00C04F79EFBC}") = "DAL", "DAL\DAL.csproj", "{9EDAA39F-660B-4B97-9D68-E272DEFD6EEB}"
EndProject
Project("{FAE04EC0-301F-11D3-BF4B-00C04F79EFBC}") = "BL", "BL\BL.csproj", "{756CC5A8-874F-46F3-B17A-6B3C90D25B0A}"
EndProject
Project("{FAE04EC0-301F-11D3-BF4B-00C04F79EFBC}") = "PL_Console", "PL_Console\PL_Console.csproj", "{924C3C60-D2D2-4DB7-8FE7-5050BC8D53EA}"
EndProject
Project("{FAE04EC0-301F-11D3-BF4B-00C04F79EFBC}") = "DAL.Test", "DAL.Test\DAL.Test.csproj", "{BA605845-646E-455B-80E4-B8E4D1BBCDA7}"
EndProject
Project("{FAE04EC0-301F-11D3-BF4B-00C04F79EFBC}") = "BL.Test", "BL.Test\BL.Test.csproj", "{9C448DDD-D523-4B2B-AE46-B8718F60529C}"
EndProject
Global
	GlobalSection(SolutionConfigurationPlatforms) = preSolution
		Debug|Any CPU = Debug|Any CPU
		Debug|x64 = Debug|x64
		Debug|x86 = Debug|x86
		Release|Any CPU = Release|Any CPU
		Release|x64 = Release|x64
		Release|x86 = Release|x86
	EndGlobalSection
	GlobalSection(SolutionProperties) = preSolution
		HideSolutionNode = FALSE
	EndGlobalSection
	GlobalSection(ProjectConfigurationPlatforms) = postSolution
		{BFEBB402-7722-4D9B-A5FF-B33CA58705AD}.Debug|Any CPU.ActiveCfg = Debug|Any CPU
		{BFEBB402-7722-4D9B-A5FF-B33CA58705AD}.Debug|Any CPU.Build.0 = Debug|Any CPU
		{BFEBB402-7722-4D9B-A5FF-B33CA58705AD}.Debug|x64.ActiveCfg = Debug|Any CPU
		{BFEBB402-7722-4D9B-A5FF-B33CA58705AD}.Debug|x64.Build.0 = Debug|Any CPU
		{BFEBB402-7722-4D9B-A5FF-B33CA58705AD}.Debug|x86.ActiveCfg = Debug|Any CPU
		{BFEBB402-7722-4D9B-A5FF-B33CA58705AD}.Debug|x86.Build.0 = Debug|Any CPU
		{BFEBB402-7722-4D9B-A5FF-B33CA58705AD}.Release|Any CPU.ActiveCfg = Release|Any CPU
		{BFEBB402-7722-4D9B-A5FF-B33CA58705AD}.Release|Any CPU.Build.0 = Release|Any CPU
		{BFEBB402-7722-4D9B-A5FF-B33CA58705AD}.Release|x64.ActiveCfg = Release|Any CPU
		{BFEBB402-7722-4D9B-A5FF-B33CA58705AD}.Release|x64.Build.0 = Release|Any CPU
		{BFEBB402-7722-4D9B-A5FF-B33CA58705AD}.Release|x86.ActiveCfg = Release|Any CPU
		{BFEBB402-7722-4D9B-A5FF-B33CA58705AD}.Release|x86.Build.0 = Release|Any CPU
		{9EDAA39F-660B-4B97-9D68-E272DEFD6EEB}.Debug|Any CPU.ActiveCfg = Debug|Any CPU
		{9EDAA39F-660B-4B97-9D68-E272DEFD6EEB}.Debug|Any CPU.Build.0 = Debug|Any CPU
		{9EDAA39F-660B-4B97-9D68-E272DEFD6EEB}.Debug|x64.ActiveCfg = Debug|Any CPU
		{9EDAA39F-660B-4B97-9D68-E272DEFD6EEB}.Debug|x64.Build.0 = Debug|Any CPU
		{9EDAA39F-660B-4B97-9D68-E272DEFD6EEB}.Debug|x86.ActiveCfg = Debug|Any CPU
		{9EDAA39F-660B-4B97-9D68-E272DEFD6EEB}.Debug|x86.Build.0 = Debug|Any CPU
		{9EDAA39F-660B-4B97-9D68-E272DEFD6EEB}.Release|Any CPU.ActiveCfg = Release|Any CPU
		{9EDAA39F-660B-4B97-9D68-E272DEFD6EEB}.Release|Any CPU.Build.0 = Release|Any CPU
		{9EDAA39F-660B-4B97-9D68-E272DEFD6EEB}.Release|x64.ActiveCfg = Release|Any CPU
		{9EDAA39F-660B-4B97-9D68-E272DEFD6EEB}.Release|x64.Build.0 = Release|Any CPU
		{9EDAA39F-660B-4B97-9D68-E272DEFD6EEB}.Release|x86.ActiveCfg = Release|Any CPU
		{9EDAA39F-660B-4B97-9D68-E272DEFD6EEB}.Release|x86.Build.0 = Release|Any CPU
		{756CC5A8-874F-46F3-B17A-6B3C90D25B0A}.Debug|Any CPU.ActiveCfg = Debug|Any CPU
		{756CC5A8-874F-46F3-B17A-6B3C90D25B0A}.Debug|Any CPU.Build.0 = Debug|Any CPU
		{756CC5A8-874F-46F3-B17A-6B3C90D25B0A}.Debug|x64.ActiveCfg = Debug|Any CPU
		{756CC5A8-874F-46F3-B17A-6B3C90D25B0A}.Debug|x64.Build.0 = Debug|Any CPU
		{756CC5A8-874F-46F3-B17A-6B3C90D25B0A}.Debug|x86.ActiveCfg = Debug|Any CPU
		{756CC5A8-874F-46F3-B17A-6B3C90D25B0A}.Debug|x86.Build.0 = Debug|Any CPU
		{756CC5A8-874F-46F3-B17A-6B3C90D25B0A}.Release|Any CPU.ActiveCfg = Release|Any CPU
		{756CC5A8-874F-46F3-B17A-6B3C90D25B0A}.Release|Any CPU.Build.0 = Release|Any CPU
		{756CC5A8-874F-46F3-B17A-6B3C90D25B0A}.Release|x64.ActiveCfg = Release|Any CPU
		{756CC5A8-874F-46F3-B17A-6B3C90D25B0A}.Release|x64.Build.0 = Release|Any CPU
		{756CC5A8-874F-46F3-B17A-6B3C90D25B0A}.Release|x86.ActiveCfg = Release|Any CPU
		{756CC5A8-874F-46F3-B17A-6B3C90D25B0A}.Release|x86.Build.0 = Release|Any CPU
		{924C3C60-D2D2-4DB7-8FE7-5050BC8D53EA}.Debug|Any CPU.ActiveCfg = Debug|Any CPU
		{924C3C60-D2D2-4DB7-8FE7-5050BC8D53EA}.Debug|Any CPU.Build.0 = Debug|Any CPU
		{924C3C60-D2D2-4DB7-8FE7-5050BC8D53EA}.Debug|x64.ActiveCfg = Debug|Any CPU
		{924C3C60-D2D2-4DB7-8FE7-5050BC8D53EA}.Debug|x64.Build.0 = Debug|Any CPU
		{924C3C60-D2D2-4DB7-8FE7-5050BC8D53EA}.Debug|x86.ActiveCfg = Debug|Any CPU
		{924C3C60-D2D2-4DB7-8FE7-5050BC8D53EA}.Debug|x86.Build.0 = Debug|Any CPU
		{924C3C60-D2D2-4DB7-8FE7-5050BC8D53EA}.Release|Any CPU.ActiveCfg = Release|Any CPU
		{924C3C60-D2D2-4DB7-8FE7-5050BC8D53EA}.Release|Any CPU.Build.0 = Release|Any CPU
		{924C3C60-D2D2-4DB7-8FE7-5050BC8D53EA}.Release|x64.ActiveCfg = Release|Any CPU
		{924C3C60-D2D2-4DB7-8FE7-5050BC8D53EA}.Release|x64.Build.0 = Release|Any CPU
		{924C3C60-D2D2-4DB7-8FE7-5050BC8D53EA}.Release|x86.ActiveCfg = Release|Any CPU
		{924C3C60-D2D2-4DB7-8FE7-5050BC8D53EA}.Release|x86.Build.0 = Release|Any CPU
		{BA605845-646E-455B-80E4-B8E4D1BBCDA7}.Debug|Any CPU.ActiveCfg = Debug|Any CPU
		{BA605845-646E-455B-80E4-B8E4D1BBCDA7}.Debug|Any CPU.Build.0 = Debug|Any CPU
		{BA605845-646E-455B-80E4-B8E4D1BBCDA7}.Debug|x64.ActiveCfg = Debug|Any CPU
		{BA605845-646E-455B-80E4-B8E4D1BBCDA7}.Debug|x64.Build.0 = Debug|Any CPU
		{BA605845-646E-455B-80E4-B8E4D1BBCDA7}.Debug|x86.ActiveCfg = Debug|Any CPU
		{BA605845-646E-455B-80E4-B8E4D1BBCDA7}.Debug|x86.Build.0 = Debug|Any CPU
		{BA605845-646E-455B-80E4-B8E4D1BBCDA7}.Release|Any CPU.ActiveCfg = Release|Any CPU
		{BA605845-646E-455B-80E4-B8E4D1BBCDA7}.Release|Any CPU.Build.0 = Release|Any CPU
		{BA605845-646E-455B-80E4-B8E4D1BBCDA7}.Release|x64.ActiveCfg = Release|Any CPU
		{BA605845-646E-455B-80E4-B8E4D1BBCDA7}.Release|x64.Build.0 = Release|Any CPU
		{BA605845-646E-455B-80E4-B8E4D1BBCDA7}.Release|x86.ActiveCfg = Release|Any CPU
		{BA605845-646E-455B-80E4-B8E4D1BBCDA7}.Release|x86.Build.0 = Release|Any CPU
		{9C448DDD-D523-4B2B-AE46-B8718F60529C}.Debug|Any CPU.ActiveCfg = Debug|Any CPU
		{9C448DDD-D523-4B2B-AE46-B8718F60529C}.Debug|Any CPU.Build.0 = Debug|Any CPU
		{9C448DDD-D523-4B2B-AE46-B8718F60529C}.Debug|x64.ActiveCfg = Debug|Any CPU
		{9C448DDD-D523-4B2B-AE46-B8718F60529C}.Debug|x64.Build.0 = Debug|Any CPU
		{9C448DDD-D523-4B2B-AE46-B8718F60529C}.Debug|x86.ActiveCfg = Debug|Any CPU
		{9C448DDD-D523-4B2B-AE46-B8718F60529C}.Debug|x86.Build.0 = Debug|Any CPU
		{9C448DDD-D523-4B2B-AE46-B8718F60529C}.Release|Any CPU.ActiveCfg = Release|Any CPU
		{9C448DDD-D523-4B2B-AE46-B8718F60529C}.Release|Any CPU.Build.0 = Release|Any CPU
		{9C448DDD-D523-4B2B-AE46-B8718F60529C}.Release|x64.ActiveCfg = Release|Any CPU
		{9C448DDD-D523-4B2B-AE46-B8718F60529C}.Release|x64.Build.0 = Release|Any CPU
		{9C448DDD-D523-4B2B-AE46-B8718F60529C}.Release|x86.ActiveCfg = Release|Any CPU
		{9C448DDD-D523-4B2B-AE46-B8718F60529C}.Release|x86.Build.0 = Release|Any CPU
	EndGlobalSection
EndGlobal
